
Microsoft Visual Studio Solution File, Format Version 12.00
# Visual Studio Version 17
VisualStudioVersion = 17.8.0.0
MinimumVisualStudioVersion = 17.8.0.0
Project("{9A19103F-16F7-4668-BE54-9A1E7A4F7556}") = "HtlMaturaStarter.AppHost", "HtlMaturaStarter.AppHost\HtlMaturaStarter.AppHost.csproj", "{D50497EA-C962-4AA6-9679-610BB2A8CA58}"
EndProject
Project("{9A19103F-16F7-4668-BE54-9A1E7A4F7556}") = "HtlMaturaStarter.ServiceDefaults", "HtlMaturaStarter.ServiceDefaults\HtlMaturaStarter.ServiceDefaults.csproj", "{4F6A5E65-AA06-4D03-AFBD-A91794AF35C5}"
EndProject
Project("{FAE04EC0-301F-11D3-BF4B-00C04F79EFBC}") = "WebApi", "WebApi\WebApi.csproj", "{B2ED5C0C-8C32-4BCD-98B4-D28AD740DAC7}"
EndProject
Project("{FAE04EC0-301F-11D3-BF4B-00C04F79EFBC}") = "DataAccess", "DataAccess\DataAccess.csproj", "{8022AB18-3A0E-4587-8422-D54851B511DD}"
EndProject
Global
	GlobalSection(SolutionConfigurationPlatforms) = preSolution
		Debug|Any CPU = Debug|Any CPU
		Debug|x64 = Debug|x64
		Debug|x86 = Debug|x86
		Release|Any CPU = Release|Any CPU
		Release|x64 = Release|x64
		Release|x86 = Release|x86
	EndGlobalSection
	GlobalSection(ProjectConfigurationPlatforms) = postSolution
		{D50497EA-C962-4AA6-9679-610BB2A8CA58}.Debug|Any CPU.ActiveCfg = Debug|Any CPU
		{D50497EA-C962-4AA6-9679-610BB2A8CA58}.Debug|Any CPU.Build.0 = Debug|Any CPU
		{D50497EA-C962-4AA6-9679-610BB2A8CA58}.Debug|x64.ActiveCfg = Debug|Any CPU
		{D50497EA-C962-4AA6-9679-610BB2A8CA58}.Debug|x64.Build.0 = Debug|Any CPU
		{D50497EA-C962-4AA6-9679-610BB2A8CA58}.Debug|x86.ActiveCfg = Debug|Any CPU
		{D50497EA-C962-4AA6-9679-610BB2A8CA58}.Debug|x86.Build.0 = Debug|Any CPU
		{D50497EA-C962-4AA6-9679-610BB2A8CA58}.Release|Any CPU.ActiveCfg = Release|Any CPU
		{D50497EA-C962-4AA6-9679-610BB2A8CA58}.Release|Any CPU.Build.0 = Release|Any CPU
		{D50497EA-C962-4AA6-9679-610BB2A8CA58}.Release|x64.ActiveCfg = Release|Any CPU
		{D50497EA-C962-4AA6-9679-610BB2A8CA58}.Release|x64.Build.0 = Release|Any CPU
		{D50497EA-C962-4AA6-9679-610BB2A8CA58}.Release|x86.ActiveCfg = Release|Any CPU
		{D50497EA-C962-4AA6-9679-610BB2A8CA58}.Release|x86.Build.0 = Release|Any CPU
		{4F6A5E65-AA06-4D03-AFBD-A91794AF35C5}.Debug|Any CPU.ActiveCfg = Debug|Any CPU
		{4F6A5E65-AA06-4D03-AFBD-A91794AF35C5}.Debug|Any CPU.Build.0 = Debug|Any CPU
		{4F6A5E65-AA06-4D03-AFBD-A91794AF35C5}.Debug|x64.ActiveCfg = Debug|Any CPU
		{4F6A5E65-AA06-4D03-AFBD-A91794AF35C5}.Debug|x64.Build.0 = Debug|Any CPU
		{4F6A5E65-AA06-4D03-AFBD-A91794AF35C5}.Debug|x86.ActiveCfg = Debug|Any CPU
		{4F6A5E65-AA06-4D03-AFBD-A91794AF35C5}.Debug|x86.Build.0 = Debug|Any CPU
		{4F6A5E65-AA06-4D03-AFBD-A91794AF35C5}.Release|Any CPU.ActiveCfg = Release|Any CPU
		{4F6A5E65-AA06-4D03-AFBD-A91794AF35C5}.Release|Any CPU.Build.0 = Release|Any CPU
		{4F6A5E65-AA06-4D03-AFBD-A91794AF35C5}.Release|x64.ActiveCfg = Release|Any CPU
		{4F6A5E65-AA06-4D03-AFBD-A91794AF35C5}.Release|x64.Build.0 = Release|Any CPU
		{4F6A5E65-AA06-4D03-AFBD-A91794AF35C5}.Release|x86.ActiveCfg = Release|Any CPU
		{4F6A5E65-AA06-4D03-AFBD-A91794AF35C5}.Release|x86.Build.0 = Release|Any CPU
		{B2ED5C0C-8C32-4BCD-98B4-D28AD740DAC7}.Debug|Any CPU.ActiveCfg = Debug|Any CPU
		{B2ED5C0C-8C32-4BCD-98B4-D28AD740DAC7}.Debug|Any CPU.Build.0 = Debug|Any CPU
		{B2ED5C0C-8C32-4BCD-98B4-D28AD740DAC7}.Debug|x64.ActiveCfg = Debug|Any CPU
		{B2ED5C0C-8C32-4BCD-98B4-D28AD740DAC7}.Debug|x64.Build.0 = Debug|Any CPU
		{B2ED5C0C-8C32-4BCD-98B4-D28AD740DAC7}.Debug|x86.ActiveCfg = Debug|Any CPU
		{B2ED5C0C-8C32-4BCD-98B4-D28AD740DAC7}.Debug|x86.Build.0 = Debug|Any CPU
		{B2ED5C0C-8C32-4BCD-98B4-D28AD740DAC7}.Release|Any CPU.ActiveCfg = Release|Any CPU
		{B2ED5C0C-8C32-4BCD-98B4-D28AD740DAC7}.Release|Any CPU.Build.0 = Release|Any CPU
		{B2ED5C0C-8C32-4BCD-98B4-D28AD740DAC7}.Release|x64.ActiveCfg = Release|Any CPU
		{B2ED5C0C-8C32-4BCD-98B4-D28AD740DAC7}.Release|x64.Build.0 = Release|Any CPU
		{B2ED5C0C-8C32-4BCD-98B4-D28AD740DAC7}.Release|x86.ActiveCfg = Release|Any CPU
		{B2ED5C0C-8C32-4BCD-98B4-D28AD740DAC7}.Release|x86.Build.0 = Release|Any CPU
		{8022AB18-3A0E-4587-8422-D54851B511DD}.Debug|Any CPU.ActiveCfg = Debug|Any CPU
		{8022AB18-3A0E-4587-8422-D54851B511DD}.Debug|Any CPU.Build.0 = Debug|Any CPU
		{8022AB18-3A0E-4587-8422-D54851B511DD}.Debug|x64.ActiveCfg = Debug|Any CPU
		{8022AB18-3A0E-4587-8422-D54851B511DD}.Debug|x64.Build.0 = Debug|Any CPU
		{8022AB18-3A0E-4587-8422-D54851B511DD}.Debug|x86.ActiveCfg = Debug|Any CPU
		{8022AB18-3A0E-4587-8422-D54851B511DD}.Debug|x86.Build.0 = Debug|Any CPU
		{8022AB18-3A0E-4587-8422-D54851B511DD}.Release|Any CPU.ActiveCfg = Release|Any CPU
		{8022AB18-3A0E-4587-8422-D54851B511DD}.Release|Any CPU.Build.0 = Release|Any CPU
		{8022AB18-3A0E-4587-8422-D54851B511DD}.Release|x64.ActiveCfg = Release|Any CPU
		{8022AB18-3A0E-4587-8422-D54851B511DD}.Release|x64.Build.0 = Release|Any CPU
		{8022AB18-3A0E-4587-8422-D54851B511DD}.Release|x86.ActiveCfg = Release|Any CPU
		{8022AB18-3A0E-4587-8422-D54851B511DD}.Release|x86.Build.0 = Release|Any CPU
	EndGlobalSection
	GlobalSection(SolutionProperties) = preSolution
		HideSolutionNode = FALSE
	EndGlobalSection
	GlobalSection(ExtensibilityGlobals) = postSolution
		SolutionGuid = {D3E0C968-5DCA-4E1C-A598-A266CAD824C9}
	EndGlobalSection
EndGlobal
